{
  "requires": true,
  "lockfileVersion": 1,
  "dependencies": {
    "lix": {
      "version": "15.3.2",
      "resolved": "https://registry.npmjs.org/lix/-/lix-15.3.2.tgz",
      "integrity": "sha512-1v/3fpA6VrW6qI05TAsT5+76U4SICotSWaEVwgSSE+0y3WO3v0Nqa0IygXPtoDLQunvAM4gV9Rc2JDlL0J+p9w==",
      "dev": true
    }
  }
}
